{
  "task_id": "SOAK-HASF-1",
  "lease_id": "lease-f1e5fbae",
  "worker_id": "worker-3268-cce3",
  "holder": "persistent_scheduler",
  "fencing_token": 18,
  "acquired_at": "2026-07-14T14:09:41.268495+00:00",
  "expires_at": "2026-07-14T14:19:41.268495+00:00",
  "heartbeat_at": "2026-07-14T14:09:41.287699+00:00",
  "status": "ACTIVE",
  "authority_class": "AUTONOMOUS",
  "authority_decision_id": "AUTH-d328582ac3e18f04",
  "authority_status": "ACTIVE",
  "decision_digest": "f6dfc11c75c2f1c1f720bea41081a82bbd174525d0d5066df390946714c68a19",
  "dispatch_digest": "9b8b89ffaf5f0f51ae7077de4ab4a047796be1aa00a27a23f154e86179923ddc",
  "scheduler_instance_id": "sched-ff8e6998",
  "task_digest": "a10ac9e7867a150d52e2aefda89ec916e8e7b4676ab7f3ca05a5fae44094cc3d",
  "decision_id": "DEC-f8d8e3e53cf398ae",
  "created_at": "2026-07-14T14:09:41Z",
  "lease_status": "RUNNING"
}