{
  "task_id": "SOAK-HCF-1",
  "lease_id": "lease-94fc72ac",
  "worker_id": "worker-3268-76c6",
  "holder": "persistent_scheduler",
  "fencing_token": 12,
  "acquired_at": "2026-07-14T14:09:41.268853+00:00",
  "expires_at": "2026-07-14T14:19:41.268853+00:00",
  "heartbeat_at": "2026-07-14T14:09:41.319129+00:00",
  "status": "ACTIVE",
  "authority_class": "AUTONOMOUS",
  "authority_decision_id": "AUTH-3680d753f5cf2c86",
  "authority_status": "ACTIVE",
  "decision_digest": "4c9b52bf0717f19b8a0cc0327ce0e96a08a83766c397690e50d71900548d2e59",
  "dispatch_digest": "13767d2d10bbf259416c4376bdf0a365089b194834b941a2b20d0f88918bb8e7",
  "scheduler_instance_id": "sched-ff8e6998",
  "task_digest": "eed2ae4a1aaee03e4cea8c282a6731b9b848268ab8c6f74f600c779321b5886f",
  "decision_id": "DEC-29ca467903645b3b",
  "created_at": "2026-07-14T14:09:41Z",
  "lease_status": "RUNNING"
}