{
  "task_id": "SOAK-HSF-2",
  "lease_id": "lease-c1d9a4e6",
  "worker_id": "worker-1182-3211",
  "holder": "persistent_scheduler",
  "fencing_token": 9,
  "acquired_at": "2026-07-14T14:08:26.162958+00:00",
  "expires_at": "2026-07-14T14:18:26.162958+00:00",
  "heartbeat_at": "2026-07-14T14:08:26.203565+00:00",
  "status": "RELEASED",
  "authority_class": "AUTONOMOUS",
  "authority_decision_id": "AUTH-3da6c6fda33c99ae",
  "authority_status": "ACTIVE",
  "decision_digest": "23450b88d6e94b1a7d4ec87e4d3a20727686aa08e1da3992e0d4137b9521af79",
  "dispatch_digest": "24edff0ba4e2e221d5a223bd5118fa1d7452e3480479166a496c7a0277a4d80d",
  "scheduler_instance_id": "sched-f481712b",
  "task_digest": "a6b95c4393bb6c0b576ebf29ca225ee7285c9cf99184ed937e6774f833587c98",
  "decision_id": "DEC-dfa1a94987369e99",
  "created_at": "2026-07-14T14:08:26Z",
  "lease_status": "RUNNING",
  "release_reason": "PRE_CLEAN_PHASE_A",
  "released_at": "2026-07-14T14:09:16Z"
}
